
Microsoft Visual Studio Solution File, Format Version 12.00
# Visual Studio 15
VisualStudioVersion = 15.0.28307.645
MinimumVisualStudioVersion = 10.0.40219.1
Project("{FAE04EC0-301F-11D3-BF4B-00C04F79EFBC}") = "AE2", "AE2\AE2.csproj", "{293C12EC-1E26-42AE-A47E-15FE08444DA5}"
EndProject
Global
	GlobalSection(SolutionConfigurationPlatforms) = preSolution
		Debug|Any CPU = Debug|Any CPU
		Release|Any CPU = Release|Any CPU
	EndGlobalSection
	GlobalSection(ProjectConfigurationPlatforms) = postSolution
		{293C12EC-1E26-42AE-A47E-15FE08444DA5}.Debug|Any CPU.ActiveCfg = Debug|Any CPU
		{293C12EC-1E26-42AE-A47E-15FE08444DA5}.Debug|Any CPU.Build.0 = Debug|Any CPU
		{293C12EC-1E26-42AE-A47E-15FE08444DA5}.Release|Any CPU.ActiveCfg = Release|Any CPU
		{293C12EC-1E26-42AE-A47E-15FE08444DA5}.Release|Any CPU.Build.0 = Release|Any CPU
	EndGlobalSection
	GlobalSection(SolutionProperties) = preSolution
		HideSolutionNode = FALSE
	EndGlobalSection
	GlobalSection(ExtensibilityGlobals) = postSolution
		SolutionGuid = {A2550538-C8CC-431E-8D8C-4D918E5CFBF7}
	EndGlobalSection
EndGlobal
